
Microsoft Visual Studio Solution File, Format Version 12.00
# Visual Studio Version 17
VisualStudioVersion = 17.8.34309.116
MinimumVisualStudioVersion = 10.0.40219.1
Project("{9A19103F-16F7-4668-BE54-9A1E7A4F7556}") = "BallGameWinFormsApp", "BallGameWinFormsApp\BallGameWinFormsApp.csproj", "{4AE45C62-D9CB-48C5-9980-5DAD0D755A42}"
EndProject
Project("{FAE04EC0-301F-11D3-BF4B-00C04F79EFBC}") = "CatchMeGame", "CatchMeGame\CatchMeGame.csproj", "{A92E9D0D-3D58-4789-8364-F86C96CE4BA0}"
EndProject
Global
	GlobalSection(SolutionConfigurationPlatforms) = preSolution
		Debug|Any CPU = Debug|Any CPU
		Release|Any CPU = Release|Any CPU
	EndGlobalSection
	GlobalSection(ProjectConfigurationPlatforms) = postSolution
		{4AE45C62-D9CB-48C5-9980-5DAD0D755A42}.Debug|Any CPU.ActiveCfg = Debug|Any CPU
		{4AE45C62-D9CB-48C5-9980-5DAD0D755A42}.Debug|Any CPU.Build.0 = Debug|Any CPU
		{4AE45C62-D9CB-48C5-9980-5DAD0D755A42}.Release|Any CPU.ActiveCfg = Release|Any CPU
		{4AE45C62-D9CB-48C5-9980-5DAD0D755A42}.Release|Any CPU.Build.0 = Release|Any CPU
		{A92E9D0D-3D58-4789-8364-F86C96CE4BA0}.Debug|Any CPU.ActiveCfg = Debug|Any CPU
		{A92E9D0D-3D58-4789-8364-F86C96CE4BA0}.Debug|Any CPU.Build.0 = Debug|Any CPU
		{A92E9D0D-3D58-4789-8364-F86C96CE4BA0}.Release|Any CPU.ActiveCfg = Release|Any CPU
		{A92E9D0D-3D58-4789-8364-F86C96CE4BA0}.Release|Any CPU.Build.0 = Release|Any CPU
	EndGlobalSection
	GlobalSection(SolutionProperties) = preSolution
		HideSolutionNode = FALSE
	EndGlobalSection
	GlobalSection(ExtensibilityGlobals) = postSolution
		SolutionGuid = {06C2D988-8119-4B66-B191-E708401A93BD}
	EndGlobalSection
EndGlobal
