
Microsoft Visual Studio Solution File, Format Version 12.00
# Visual Studio Version 17
VisualStudioVersion = 17.8.34309.116
MinimumVisualStudioVersion = 10.0.40219.1
Project("{FAE04EC0-301F-11D3-BF4B-00C04F79EFBC}") = "2048WindowsFormsApp", "2048WindowsFormsApp\2048WindowsFormsApp.csproj", "{81B71A72-B74C-44A3-98D8-0597A5D6431D}"
EndProject
Global
	GlobalSection(SolutionConfigurationPlatforms) = preSolution
		Debug|Any CPU = Debug|Any CPU
		Release|Any CPU = Release|Any CPU
	EndGlobalSection
	GlobalSection(ProjectConfigurationPlatforms) = postSolution
		{81B71A72-B74C-44A3-98D8-0597A5D6431D}.Debug|Any CPU.ActiveCfg = Debug|Any CPU
		{81B71A72-B74C-44A3-98D8-0597A5D6431D}.Debug|Any CPU.Build.0 = Debug|Any CPU
		{81B71A72-B74C-44A3-98D8-0597A5D6431D}.Release|Any CPU.ActiveCfg = Release|Any CPU
		{81B71A72-B74C-44A3-98D8-0597A5D6431D}.Release|Any CPU.Build.0 = Release|Any CPU
	EndGlobalSection
	GlobalSection(SolutionProperties) = preSolution
		HideSolutionNode = FALSE
	EndGlobalSection
	GlobalSection(ExtensibilityGlobals) = postSolution
		SolutionGuid = {49EFEE39-8720-4D53-AE5E-3F69189EB368}
	EndGlobalSection
EndGlobal
